
Microsoft Visual Studio Solution File, Format Version 12.00
# Visual Studio Version 17
VisualStudioVersion = 17.14.36408.4 d17.14
MinimumVisualStudioVersion = 10.0.40219.1
Project("{FAE04EC0-301F-11D3-BF4B-00C04F79EFBC}") = "SimpleCalculator", "SimpleCalculator.csproj", "{1BE55956-44C5-48C9-8837-A16713053C90}"
EndProject
Global
	GlobalSection(SolutionConfigurationPlatforms) = preSolution
		Debug|Any CPU = Debug|Any CPU
		Release|Any CPU = Release|Any CPU
	EndGlobalSection
	GlobalSection(ProjectConfigurationPlatforms) = postSolution
		{1BE55956-44C5-48C9-8837-A16713053C90}.Debug|Any CPU.ActiveCfg = Debug|Any CPU
		{1BE55956-44C5-48C9-8837-A16713053C90}.Debug|Any CPU.Build.0 = Debug|Any CPU
		{1BE55956-44C5-48C9-8837-A16713053C90}.Release|Any CPU.ActiveCfg = Release|Any CPU
		{1BE55956-44C5-48C9-8837-A16713053C90}.Release|Any CPU.Build.0 = Release|Any CPU
	EndGlobalSection
	GlobalSection(SolutionProperties) = preSolution
		HideSolutionNode = FALSE
	EndGlobalSection
	GlobalSection(ExtensibilityGlobals) = postSolution
		SolutionGuid = {98AA23F0-9A98-4CC4-B88F-775A530A88CA}
	EndGlobalSection
EndGlobal
