
Microsoft Visual Studio Solution File, Format Version 12.00
# Visual Studio Version 17
VisualStudioVersion = 17.14.36408.4 d17.14
MinimumVisualStudioVersion = 10.0.40219.1
Project("{FAE04EC0-301F-11D3-BF4B-00C04F79EFBC}") = "ConditionalBasedCalculator", "ConditionalBasedCalculator.csproj", "{FB875DC3-6E1B-48A6-9462-74EA034C7EB5}"
EndProject
Global
	GlobalSection(SolutionConfigurationPlatforms) = preSolution
		Debug|Any CPU = Debug|Any CPU
		Release|Any CPU = Release|Any CPU
	EndGlobalSection
	GlobalSection(ProjectConfigurationPlatforms) = postSolution
		{FB875DC3-6E1B-48A6-9462-74EA034C7EB5}.Debug|Any CPU.ActiveCfg = Debug|Any CPU
		{FB875DC3-6E1B-48A6-9462-74EA034C7EB5}.Debug|Any CPU.Build.0 = Debug|Any CPU
		{FB875DC3-6E1B-48A6-9462-74EA034C7EB5}.Release|Any CPU.ActiveCfg = Release|Any CPU
		{FB875DC3-6E1B-48A6-9462-74EA034C7EB5}.Release|Any CPU.Build.0 = Release|Any CPU
	EndGlobalSection
	GlobalSection(SolutionProperties) = preSolution
		HideSolutionNode = FALSE
	EndGlobalSection
	GlobalSection(ExtensibilityGlobals) = postSolution
		SolutionGuid = {C80A1D8D-5E7A-499D-9133-D156ABF490A0}
	EndGlobalSection
EndGlobal
